
Microsoft Visual Studio Solution File, Format Version 12.00
# Visual Studio Version 17
VisualStudioVersion = 17.0.31903.59
MinimumVisualStudioVersion = 10.0.40219.1
Project("{2150E333-8FDC-42A3-9474-1A3956D46DE8}") = "src", "src", "{C93167B0-1FC4-4CD5-946C-20B04707F2FE}"
EndProject
Project("{2150E333-8FDC-42A3-9474-1A3956D46DE8}") = "BuildingBlocks", "BuildingBlocks", "{0EEEF68D-0A67-4A79-971E-4546B39D1D12}"
EndProject
Project("{FAE04EC0-301F-11D3-BF4B-00C04F79EFBC}") = "BuildingBlocks.Common", "src\BuildingBlocks\BuildingBlocks.Common\BuildingBlocks.Common.csproj", "{2C7E09FA-3978-42B8-AD31-153F8AEAB1A9}"
EndProject
Project("{2150E333-8FDC-42A3-9474-1A3956D46DE8}") = "Services", "Services", "{4CEB1C12-7BB5-4FF6-89FE-6C448036D064}"
EndProject
Project("{2150E333-8FDC-42A3-9474-1A3956D46DE8}") = "Equipment", "Equipment", "{2E1770B5-F458-4B7E-91D5-FAB60230F911}"
EndProject
Project("{FAE04EC0-301F-11D3-BF4B-00C04F79EFBC}") = "Equipment.API", "src\Services\Equipment\Equipment.API\Equipment.API.csproj", "{34878615-55A1-40B3-80CF-8AAD884E81D2}"
EndProject
Project("{2150E333-8FDC-42A3-9474-1A3956D46DE8}") = "Metrics", "Metrics", "{42526BCC-6CC6-46E0-9B4A-12401F897B9B}"
EndProject
Project("{FAE04EC0-301F-11D3-BF4B-00C04F79EFBC}") = "Metrics.API", "src\Services\Metrics\Metrics.API\Metrics.API.csproj", "{DD25F47B-A14F-4473-B4E1-4269CAE37FCC}"
EndProject
Project("{2150E333-8FDC-42A3-9474-1A3956D46DE8}") = "Alert", "Alert", "{A3A34996-C1E7-4E48-A418-FEB701B810B5}"
EndProject
Project("{FAE04EC0-301F-11D3-BF4B-00C04F79EFBC}") = "Alert.API", "src\Services\Alert\Alert.API\Alert.API.csproj", "{1CA1180B-E3AC-42D7-A8F8-1153FCF1F182}"
EndProject
Project("{2150E333-8FDC-42A3-9474-1A3956D46DE8}") = "Notification", "Notification", "{5C0B9771-2CFA-44E4-8116-9D77832B62AF}"
EndProject
Project("{FAE04EC0-301F-11D3-BF4B-00C04F79EFBC}") = "Notification.API", "src\Services\Notification\Notification.API\Notification.API.csproj", "{97908083-4936-416B-8893-429B77121B48}"
EndProject
Project("{2150E333-8FDC-42A3-9474-1A3956D46DE8}") = "Identity", "Identity", "{EBA38EB0-BB83-4EB1-8486-A47B27E9778A}"
EndProject
Project("{FAE04EC0-301F-11D3-BF4B-00C04F79EFBC}") = "Identity.API", "src\Services\Identity\Identity.API\Identity.API.csproj", "{6FCF3BB4-DB39-4814-90BF-1E9BACA7DA2E}"
EndProject
Project("{2150E333-8FDC-42A3-9474-1A3956D46DE8}") = "Simulator", "Simulator", "{DF9AC8B2-6665-447C-84B5-AF751B0EF380}"
EndProject
Project("{FAE04EC0-301F-11D3-BF4B-00C04F79EFBC}") = "Simulator.Service", "src\Services\Simulator\Simulator.Service\Simulator.Service.csproj", "{74412D8B-B263-483B-9E2C-FDF9CC1D81B3}"
EndProject
Project("{2150E333-8FDC-42A3-9474-1A3956D46DE8}") = "ApiGateway", "ApiGateway", "{0EBA4AE9-8096-405F-9EFA-4213DE3C02A6}"
EndProject
Project("{FAE04EC0-301F-11D3-BF4B-00C04F79EFBC}") = "ApiGateway", "src\ApiGateway\ApiGateway\ApiGateway.csproj", "{94613502-0E8F-4329-94E9-5A4D79AFD61F}"
EndProject
Project("{2150E333-8FDC-42A3-9474-1A3956D46DE8}") = "tests", "tests", "{494583EE-C5A6-450D-8315-34219AA3F648}"
EndProject
Project("{2150E333-8FDC-42A3-9474-1A3956D46DE8}") = "Unit", "Unit", "{4228A2BA-AD9B-4393-80A5-1FCDA20544B7}"
EndProject
Project("{FAE04EC0-301F-11D3-BF4B-00C04F79EFBC}") = "Identity.API.Tests", "tests\Unit\Identity.API.Tests\Identity.API.Tests.csproj", "{8B2925D0-0D6D-4411-8C3C-3E9D1CE5BEF2}"
EndProject
Project("{FAE04EC0-301F-11D3-BF4B-00C04F79EFBC}") = "Alert.API.Tests", "tests\Unit\Alert.API.Tests\Alert.API.Tests.csproj", "{FAA64704-FBF2-45F3-958A-3949D004B205}"
EndProject
Project("{FAE04EC0-301F-11D3-BF4B-00C04F79EFBC}") = "Metrics.API.Tests", "tests\Unit\Metrics.API.Tests\Metrics.API.Tests.csproj", "{0ADA6D5D-0837-47D5-B41A-F7562BEBFA28}"
EndProject
Project("{2150E333-8FDC-42A3-9474-1A3956D46DE8}") = "Integration", "Integration", "{0404F65C-8953-444D-99B0-B55D700B2DDC}"
EndProject
Project("{FAE04EC0-301F-11D3-BF4B-00C04F79EFBC}") = "Integration.Tests", "tests\Integration\Integration.Tests\Integration.Tests.csproj", "{0F4C606D-A9B9-4203-9222-088CCC07EE66}"
EndProject
Project("{2150E333-8FDC-42A3-9474-1A3956D46DE8}") = "Analytics", "Analytics", "{697F86A0-412C-4702-8ACC-3E68FD1A5902}"
EndProject
Project("{FAE04EC0-301F-11D3-BF4B-00C04F79EFBC}") = "Analytics.API", "src\Services\Analytics\Analytics.API\Analytics.API.csproj", "{08FA0C9D-BE23-4637-8C74-D143E966B9A9}"
EndProject
Global
	GlobalSection(SolutionConfigurationPlatforms) = preSolution
		Debug|Any CPU = Debug|Any CPU
		Release|Any CPU = Release|Any CPU
	EndGlobalSection
	GlobalSection(SolutionProperties) = preSolution
		HideSolutionNode = FALSE
	EndGlobalSection
	GlobalSection(ProjectConfigurationPlatforms) = postSolution
		{2C7E09FA-3978-42B8-AD31-153F8AEAB1A9}.Debug|Any CPU.ActiveCfg = Debug|Any CPU
		{2C7E09FA-3978-42B8-AD31-153F8AEAB1A9}.Debug|Any CPU.Build.0 = Debug|Any CPU
		{2C7E09FA-3978-42B8-AD31-153F8AEAB1A9}.Release|Any CPU.ActiveCfg = Release|Any CPU
		{2C7E09FA-3978-42B8-AD31-153F8AEAB1A9}.Release|Any CPU.Build.0 = Release|Any CPU
		{34878615-55A1-40B3-80CF-8AAD884E81D2}.Debug|Any CPU.ActiveCfg = Debug|Any CPU
		{34878615-55A1-40B3-80CF-8AAD884E81D2}.Debug|Any CPU.Build.0 = Debug|Any CPU
		{34878615-55A1-40B3-80CF-8AAD884E81D2}.Release|Any CPU.ActiveCfg = Release|Any CPU
		{34878615-55A1-40B3-80CF-8AAD884E81D2}.Release|Any CPU.Build.0 = Release|Any CPU
		{DD25F47B-A14F-4473-B4E1-4269CAE37FCC}.Debug|Any CPU.ActiveCfg = Debug|Any CPU
		{DD25F47B-A14F-4473-B4E1-4269CAE37FCC}.Debug|Any CPU.Build.0 = Debug|Any CPU
		{DD25F47B-A14F-4473-B4E1-4269CAE37FCC}.Release|Any CPU.ActiveCfg = Release|Any CPU
		{DD25F47B-A14F-4473-B4E1-4269CAE37FCC}.Release|Any CPU.Build.0 = Release|Any CPU
		{1CA1180B-E3AC-42D7-A8F8-1153FCF1F182}.Debug|Any CPU.ActiveCfg = Debug|Any CPU
		{1CA1180B-E3AC-42D7-A8F8-1153FCF1F182}.Debug|Any CPU.Build.0 = Debug|Any CPU
		{1CA1180B-E3AC-42D7-A8F8-1153FCF1F182}.Release|Any CPU.ActiveCfg = Release|Any CPU
		{1CA1180B-E3AC-42D7-A8F8-1153FCF1F182}.Release|Any CPU.Build.0 = Release|Any CPU
		{97908083-4936-416B-8893-429B77121B48}.Debug|Any CPU.ActiveCfg = Debug|Any CPU
		{97908083-4936-416B-8893-429B77121B48}.Debug|Any CPU.Build.0 = Debug|Any CPU
		{97908083-4936-416B-8893-429B77121B48}.Release|Any CPU.ActiveCfg = Release|Any CPU
		{97908083-4936-416B-8893-429B77121B48}.Release|Any CPU.Build.0 = Release|Any CPU
		{6FCF3BB4-DB39-4814-90BF-1E9BACA7DA2E}.Debug|Any CPU.ActiveCfg = Debug|Any CPU
		{6FCF3BB4-DB39-4814-90BF-1E9BACA7DA2E}.Debug|Any CPU.Build.0 = Debug|Any CPU
		{6FCF3BB4-DB39-4814-90BF-1E9BACA7DA2E}.Release|Any CPU.ActiveCfg = Release|Any CPU
		{6FCF3BB4-DB39-4814-90BF-1E9BACA7DA2E}.Release|Any CPU.Build.0 = Release|Any CPU
		{74412D8B-B263-483B-9E2C-FDF9CC1D81B3}.Debug|Any CPU.ActiveCfg = Debug|Any CPU
		{74412D8B-B263-483B-9E2C-FDF9CC1D81B3}.Debug|Any CPU.Build.0 = Debug|Any CPU
		{74412D8B-B263-483B-9E2C-FDF9CC1D81B3}.Release|Any CPU.ActiveCfg = Release|Any CPU
		{74412D8B-B263-483B-9E2C-FDF9CC1D81B3}.Release|Any CPU.Build.0 = Release|Any CPU
		{94613502-0E8F-4329-94E9-5A4D79AFD61F}.Debug|Any CPU.ActiveCfg = Debug|Any CPU
		{94613502-0E8F-4329-94E9-5A4D79AFD61F}.Debug|Any CPU.Build.0 = Debug|Any CPU
		{94613502-0E8F-4329-94E9-5A4D79AFD61F}.Release|Any CPU.ActiveCfg = Release|Any CPU
		{94613502-0E8F-4329-94E9-5A4D79AFD61F}.Release|Any CPU.Build.0 = Release|Any CPU
		{8B2925D0-0D6D-4411-8C3C-3E9D1CE5BEF2}.Debug|Any CPU.ActiveCfg = Debug|Any CPU
		{8B2925D0-0D6D-4411-8C3C-3E9D1CE5BEF2}.Debug|Any CPU.Build.0 = Debug|Any CPU
		{8B2925D0-0D6D-4411-8C3C-3E9D1CE5BEF2}.Release|Any CPU.ActiveCfg = Release|Any CPU
		{8B2925D0-0D6D-4411-8C3C-3E9D1CE5BEF2}.Release|Any CPU.Build.0 = Release|Any CPU
		{FAA64704-FBF2-45F3-958A-3949D004B205}.Debug|Any CPU.ActiveCfg = Debug|Any CPU
		{FAA64704-FBF2-45F3-958A-3949D004B205}.Debug|Any CPU.Build.0 = Debug|Any CPU
		{FAA64704-FBF2-45F3-958A-3949D004B205}.Release|Any CPU.ActiveCfg = Release|Any CPU
		{FAA64704-FBF2-45F3-958A-3949D004B205}.Release|Any CPU.Build.0 = Release|Any CPU
		{0ADA6D5D-0837-47D5-B41A-F7562BEBFA28}.Debug|Any CPU.ActiveCfg = Debug|Any CPU
		{0ADA6D5D-0837-47D5-B41A-F7562BEBFA28}.Debug|Any CPU.Build.0 = Debug|Any CPU
		{0ADA6D5D-0837-47D5-B41A-F7562BEBFA28}.Release|Any CPU.ActiveCfg = Release|Any CPU
		{0ADA6D5D-0837-47D5-B41A-F7562BEBFA28}.Release|Any CPU.Build.0 = Release|Any CPU
		{0F4C606D-A9B9-4203-9222-088CCC07EE66}.Debug|Any CPU.ActiveCfg = Debug|Any CPU
		{0F4C606D-A9B9-4203-9222-088CCC07EE66}.Debug|Any CPU.Build.0 = Debug|Any CPU
		{0F4C606D-A9B9-4203-9222-088CCC07EE66}.Release|Any CPU.ActiveCfg = Release|Any CPU
		{0F4C606D-A9B9-4203-9222-088CCC07EE66}.Release|Any CPU.Build.0 = Release|Any CPU
		{08FA0C9D-BE23-4637-8C74-D143E966B9A9}.Debug|Any CPU.ActiveCfg = Debug|Any CPU
		{08FA0C9D-BE23-4637-8C74-D143E966B9A9}.Debug|Any CPU.Build.0 = Debug|Any CPU
		{08FA0C9D-BE23-4637-8C74-D143E966B9A9}.Release|Any CPU.ActiveCfg = Release|Any CPU
		{08FA0C9D-BE23-4637-8C74-D143E966B9A9}.Release|Any CPU.Build.0 = Release|Any CPU
	EndGlobalSection
	GlobalSection(NestedProjects) = preSolution
		{0EEEF68D-0A67-4A79-971E-4546B39D1D12} = {C93167B0-1FC4-4CD5-946C-20B04707F2FE}
		{2C7E09FA-3978-42B8-AD31-153F8AEAB1A9} = {0EEEF68D-0A67-4A79-971E-4546B39D1D12}
		{4CEB1C12-7BB5-4FF6-89FE-6C448036D064} = {C93167B0-1FC4-4CD5-946C-20B04707F2FE}
		{2E1770B5-F458-4B7E-91D5-FAB60230F911} = {4CEB1C12-7BB5-4FF6-89FE-6C448036D064}
		{34878615-55A1-40B3-80CF-8AAD884E81D2} = {2E1770B5-F458-4B7E-91D5-FAB60230F911}
		{42526BCC-6CC6-46E0-9B4A-12401F897B9B} = {4CEB1C12-7BB5-4FF6-89FE-6C448036D064}
		{DD25F47B-A14F-4473-B4E1-4269CAE37FCC} = {42526BCC-6CC6-46E0-9B4A-12401F897B9B}
		{A3A34996-C1E7-4E48-A418-FEB701B810B5} = {4CEB1C12-7BB5-4FF6-89FE-6C448036D064}
		{1CA1180B-E3AC-42D7-A8F8-1153FCF1F182} = {A3A34996-C1E7-4E48-A418-FEB701B810B5}
		{5C0B9771-2CFA-44E4-8116-9D77832B62AF} = {4CEB1C12-7BB5-4FF6-89FE-6C448036D064}
		{97908083-4936-416B-8893-429B77121B48} = {5C0B9771-2CFA-44E4-8116-9D77832B62AF}
		{EBA38EB0-BB83-4EB1-8486-A47B27E9778A} = {4CEB1C12-7BB5-4FF6-89FE-6C448036D064}
		{6FCF3BB4-DB39-4814-90BF-1E9BACA7DA2E} = {EBA38EB0-BB83-4EB1-8486-A47B27E9778A}
		{DF9AC8B2-6665-447C-84B5-AF751B0EF380} = {4CEB1C12-7BB5-4FF6-89FE-6C448036D064}
		{74412D8B-B263-483B-9E2C-FDF9CC1D81B3} = {DF9AC8B2-6665-447C-84B5-AF751B0EF380}
		{0EBA4AE9-8096-405F-9EFA-4213DE3C02A6} = {C93167B0-1FC4-4CD5-946C-20B04707F2FE}
		{94613502-0E8F-4329-94E9-5A4D79AFD61F} = {0EBA4AE9-8096-405F-9EFA-4213DE3C02A6}
		{4228A2BA-AD9B-4393-80A5-1FCDA20544B7} = {494583EE-C5A6-450D-8315-34219AA3F648}
		{8B2925D0-0D6D-4411-8C3C-3E9D1CE5BEF2} = {4228A2BA-AD9B-4393-80A5-1FCDA20544B7}
		{FAA64704-FBF2-45F3-958A-3949D004B205} = {4228A2BA-AD9B-4393-80A5-1FCDA20544B7}
		{0ADA6D5D-0837-47D5-B41A-F7562BEBFA28} = {4228A2BA-AD9B-4393-80A5-1FCDA20544B7}
		{0404F65C-8953-444D-99B0-B55D700B2DDC} = {494583EE-C5A6-450D-8315-34219AA3F648}
		{0F4C606D-A9B9-4203-9222-088CCC07EE66} = {0404F65C-8953-444D-99B0-B55D700B2DDC}
		{697F86A0-412C-4702-8ACC-3E68FD1A5902} = {4CEB1C12-7BB5-4FF6-89FE-6C448036D064}
		{08FA0C9D-BE23-4637-8C74-D143E966B9A9} = {697F86A0-412C-4702-8ACC-3E68FD1A5902}
	EndGlobalSection
EndGlobal
